// !$*UTF8*$!
{
	archiveVersion = 1;
	classes = {
	};
	objectVersion = 55;
	objects = {

/* Begin PBXBuildFile section */
		4F1CAC5E283D1AF80081FA45 /* ChangeSymptomNameViewModel.swift in Sources */ = {isa = PBXBuildFile; fileRef = 4F1CAC5D283D1AF80081FA45 /* ChangeSymptomNameViewModel.swift */; };
		4F1CAC60283D1B230081FA45 /* ChangeSymptomNameViewController.swift in Sources */ = {isa = PBXBuildFile; fileRef = 4F1CAC5F283D1B230081FA45 /* ChangeSymptomNameViewController.swift */; };
		4F1CAC62283D1B530081FA45 /* ChangeSymptomNameView.swift in Sources */ = {isa = PBXBuildFile; fileRef = 4F1CAC61283D1B530081FA45 /* ChangeSymptomNameView.swift */; };
		4F3693E72843B4B50077F3A8 /* RegistrationService.swift in Sources */ = {isa = PBXBuildFile; fileRef = 4F3693E62843B4B50077F3A8 /* RegistrationService.swift */; };
		4F388E5C2837BEB6009F684C /* SharedStyleSheet.swift in Sources */ = {isa = PBXBuildFile; fileRef = 4F388E5B2837BEB5009F684C /* SharedStyleSheet.swift */; };
		4F388E5F2837EA40009F684C /* IQKeyboardManagerSwift in Frameworks */ = {isa = PBXBuildFile; productRef = 4F388E5E2837EA40009F684C /* IQKeyboardManagerSwift */; };
		4F388E612837F71B009F684C /* ValidationService.swift in Sources */ = {isa = PBXBuildFile; fileRef = 4F388E602837F71B009F684C /* ValidationService.swift */; };
		4F388E6328380BE2009F684C /* LocalizedStrings.swift in Sources */ = {isa = PBXBuildFile; fileRef = 4F388E6228380BE2009F684C /* LocalizedStrings.swift */; };
		4F388E66283959DF009F684C /* SymptomListViewController.swift in Sources */ = {isa = PBXBuildFile; fileRef = 4F388E65283959DF009F684C /* SymptomListViewController.swift */; };
		4F388E6828395B3C009F684C /* SymptomListViewModel.swift in Sources */ = {isa = PBXBuildFile; fileRef = 4F388E6728395B3C009F684C /* SymptomListViewModel.swift */; };
		4F388E6A28395C4E009F684C /* SymptomListView.swift in Sources */ = {isa = PBXBuildFile; fileRef = 4F388E6928395C4E009F684C /* SymptomListView.swift */; };
		4F388E6C28397430009F684C /* SymptomListCell.swift in Sources */ = {isa = PBXBuildFile; fileRef = 4F388E6B28397430009F684C /* SymptomListCell.swift */; };
		4F388E6E283ABD61009F684C /* AccountModelManager.swift in Sources */ = {isa = PBXBuildFile; fileRef = 4F388E6D283ABD5F009F684C /* AccountModelManager.swift */; };
		4F8757B728228138003033B0 /* AppDelegate.swift in Sources */ = {isa = PBXBuildFile; fileRef = 4F8757B628228138003033B0 /* AppDelegate.swift */; };
		4F8757B928228138003033B0 /* SceneDelegate.swift in Sources */ = {isa = PBXBuildFile; fileRef = 4F8757B828228138003033B0 /* SceneDelegate.swift */; };
		4F8757C02822813B003033B0 /* Assets.xcassets in Resources */ = {isa = PBXBuildFile; fileRef = 4F8757BF2822813B003033B0 /* Assets.xcassets */; };
		4F8757C32822813B003033B0 /* LaunchScreen.storyboard in Resources */ = {isa = PBXBuildFile; fileRef = 4F8757C12822813B003033B0 /* LaunchScreen.storyboard */; };
		4F8757CC282293D9003033B0 /* FirebaseAuth in Frameworks */ = {isa = PBXBuildFile; productRef = 4F8757CB282293D9003033B0 /* FirebaseAuth */; };
		4F8757D0282293D9003033B0 /* FirebaseFirestore in Frameworks */ = {isa = PBXBuildFile; productRef = 4F8757CF282293D9003033B0 /* FirebaseFirestore */; };
		4F8757D528229EF7003033B0 /* FirebaseFirestoreSwift-Beta in Frameworks */ = {isa = PBXBuildFile; productRef = 4F8757D428229EF7003033B0 /* FirebaseFirestoreSwift-Beta */; };
		4F8757D72822A068003033B0 /* GoogleService-Info.plist in Resources */ = {isa = PBXBuildFile; fileRef = 4F8757D62822A068003033B0 /* GoogleService-Info.plist */; };
		4FAFCED428241381002CEFBE /* FirebaseActivity.swift in Sources */ = {isa = PBXBuildFile; fileRef = 4FAFCED328241381002CEFBE /* FirebaseActivity.swift */; };
		4FAFCED628242151002CEFBE /* FirebaseSymptom.swift in Sources */ = {isa = PBXBuildFile; fileRef = 4FAFCED528242151002CEFBE /* FirebaseSymptom.swift */; };
		4FAFCED82824220A002CEFBE /* FirebaseSymptomRegistration.swift in Sources */ = {isa = PBXBuildFile; fileRef = 4FAFCED72824220A002CEFBE /* FirebaseSymptomRegistration.swift */; };
		4FAFCEDA282422A6002CEFBE /* FirebaseIntensityRegistration.swift in Sources */ = {isa = PBXBuildFile; fileRef = 4FAFCED9282422A6002CEFBE /* FirebaseIntensityRegistration.swift */; };
		4FAFCEDD282423CC002CEFBE /* Activity.swift in Sources */ = {isa = PBXBuildFile; fileRef = 4FAFCEDC282423CC002CEFBE /* Activity.swift */; };
		4FAFCEDF28242408002CEFBE /* Symptom.swift in Sources */ = {isa = PBXBuildFile; fileRef = 4FAFCEDE28242408002CEFBE /* Symptom.swift */; };
		4FAFCEE128242571002CEFBE /* SymptomRegistration.swift in Sources */ = {isa = PBXBuildFile; fileRef = 4FAFCEE028242571002CEFBE /* SymptomRegistration.swift */; };
		4FAFCEE3282425AD002CEFBE /* IntensityRegistration.swift in Sources */ = {isa = PBXBuildFile; fileRef = 4FAFCEE2282425AD002CEFBE /* IntensityRegistration.swift */; };
		4FAFCEE528252AD6002CEFBE /* AccountManager.swift in Sources */ = {isa = PBXBuildFile; fileRef = 4FAFCEE428252AD6002CEFBE /* AccountManager.swift */; };
		4FAFCEE728252BDF002CEFBE /* ModelManagerImplementation.swift in Sources */ = {isa = PBXBuildFile; fileRef = 4FAFCEE628252BDF002CEFBE /* ModelManagerImplementation.swift */; };
		4FAFCEE928252F29002CEFBE /* ViewModelProvider.swift in Sources */ = {isa = PBXBuildFile; fileRef = 4FAFCEE828252F29002CEFBE /* ViewModelProvider.swift */; };
		4FAFCEEB282534E3002CEFBE /* FlowCoordinator.swift in Sources */ = {isa = PBXBuildFile; fileRef = 4FAFCEEA282534E3002CEFBE /* FlowCoordinator.swift */; };
		4FAFCEEE28253ACC002CEFBE /* SymptomRepository.swift in Sources */ = {isa = PBXBuildFile; fileRef = 4FAFCEED28253ACC002CEFBE /* SymptomRepository.swift */; };
		4FAFCEF028253AED002CEFBE /* ActivityRepository.swift in Sources */ = {isa = PBXBuildFile; fileRef = 4FAFCEEF28253AED002CEFBE /* ActivityRepository.swift */; };
		4FAFCEF228253B41002CEFBE /* SymptomRegistrationRepository.swift in Sources */ = {isa = PBXBuildFile; fileRef = 4FAFCEF128253B41002CEFBE /* SymptomRegistrationRepository.swift */; };
		4FAFCEF428253B6E002CEFBE /* IntensityRegistrationRepository.swift in Sources */ = {isa = PBXBuildFile; fileRef = 4FAFCEF328253B6E002CEFBE /* IntensityRegistrationRepository.swift */; };
		4FAFCEF72827F68B002CEFBE /* CreateAccountViewController.swift in Sources */ = {isa = PBXBuildFile; fileRef = 4FAFCEF62827F68B002CEFBE /* CreateAccountViewController.swift */; };
		4FAFCEF92827FF33002CEFBE /* CreateAccountView.swift in Sources */ = {isa = PBXBuildFile; fileRef = 4FAFCEF82827FF33002CEFBE /* CreateAccountView.swift */; };
		4FAFCEFE282D3595002CEFBE /* CreateAccountViewModel.swift in Sources */ = {isa = PBXBuildFile; fileRef = 4FAFCEFD282D3594002CEFBE /* CreateAccountViewModel.swift */; };
		4FAFCF02282D4B4E002CEFBE /* ModelManager.swift in Sources */ = {isa = PBXBuildFile; fileRef = 4FAFCF01282D4B4E002CEFBE /* ModelManager.swift */; };
		4FAFCF05283153D2002CEFBE /* LoginViewController.swift in Sources */ = {isa = PBXBuildFile; fileRef = 4FAFCF04283153D2002CEFBE /* LoginViewController.swift */; };
		4FAFCF07283153E2002CEFBE /* LoginView.swift in Sources */ = {isa = PBXBuildFile; fileRef = 4FAFCF06283153E2002CEFBE /* LoginView.swift */; };
		4FAFCF09283153F4002CEFBE /* LoginViewModel.swift in Sources */ = {isa = PBXBuildFile; fileRef = 4FAFCF08283153F4002CEFBE /* LoginViewModel.swift */; };
		4FAFCF0C28317D57002CEFBE /* SymptomRegistrationViewController.swift in Sources */ = {isa = PBXBuildFile; fileRef = 4FAFCF0B28317D56002CEFBE /* SymptomRegistrationViewController.swift */; };
		4FAFCF162831808E002CEFBE /* SymptomRegistrationViewModel.swift in Sources */ = {isa = PBXBuildFile; fileRef = 4FAFCF152831808E002CEFBE /* SymptomRegistrationViewModel.swift */; };
		4FB0C9F0283FBAF100DB553C /* SymptomRegistrationCell.swift in Sources */ = {isa = PBXBuildFile; fileRef = 4FB0C9EF283FBAF000DB553C /* SymptomRegistrationCell.swift */; };
		4FB0C9F22840D5EB00DB553C /* SymptomRegistrationNavbarView.swift in Sources */ = {isa = PBXBuildFile; fileRef = 4FB0C9F12840D5EB00DB553C /* SymptomRegistrationNavbarView.swift */; };
		4FDB44C728319DD8005D35A1 /* SymptomRegistrationView.swift in Sources */ = {isa = PBXBuildFile; fileRef = 4FDB44C628319DD8005D35A1 /* SymptomRegistrationView.swift */; };
		4FDB44C92831A14C005D35A1 /* ActivityViewController.swift in Sources */ = {isa = PBXBuildFile; fileRef = 4FDB44C82831A14C005D35A1 /* ActivityViewController.swift */; };
		4FDB44CB2831A160005D35A1 /* ActivityViewModel.swift in Sources */ = {isa = PBXBuildFile; fileRef = 4FDB44CA2831A15F005D35A1 /* ActivityViewModel.swift */; };
		4FDB44CD2831A172005D35A1 /* ActivityView.swift in Sources */ = {isa = PBXBuildFile; fileRef = 4FDB44CC2831A172005D35A1 /* ActivityView.swift */; };
		4FDB44CF2831A3DB005D35A1 /* InsightViewController.swift in Sources */ = {isa = PBXBuildFile; fileRef = 4FDB44CE2831A3DB005D35A1 /* InsightViewController.swift */; };
		4FDB44D12831A411005D35A1 /* InsightViewModel.swift in Sources */ = {isa = PBXBuildFile; fileRef = 4FDB44D02831A411005D35A1 /* InsightViewModel.swift */; };
		4FDB44D32831A46A005D35A1 /* InsightView.swift in Sources */ = {isa = PBXBuildFile; fileRef = 4FDB44D22831A46A005D35A1 /* InsightView.swift */; };
		4FDB44D62831A72C005D35A1 /* AccountViewController.swift in Sources */ = {isa = PBXBuildFile; fileRef = 4FDB44D52831A72C005D35A1 /* AccountViewController.swift */; };
		4FDB44D82831A7B0005D35A1 /* AccountViewModel.swift in Sources */ = {isa = PBXBuildFile; fileRef = 4FDB44D72831A7B0005D35A1 /* AccountViewModel.swift */; };
		4FDB44DA2831A88A005D35A1 /* AccountView.swift in Sources */ = {isa = PBXBuildFile; fileRef = 4FDB44D92831A88A005D35A1 /* AccountView.swift */; };
/* End PBXBuildFile section */

/* Begin PBXFileReference section */
		4F1CAC5B283C68430081FA45 /* da */ = {isa = PBXFileReference; lastKnownFileType = text.plist.strings; name = da; path = da.lproj/LaunchScreen.strings; sourceTree = "<group>"; };
		4F1CAC5D283D1AF80081FA45 /* ChangeSymptomNameViewModel.swift */ = {isa = PBXFileReference; lastKnownFileType = sourcecode.swift; path = ChangeSymptomNameViewModel.swift; sourceTree = "<group>"; };
		4F1CAC5F283D1B230081FA45 /* ChangeSymptomNameViewController.swift */ = {isa = PBXFileReference; lastKnownFileType = sourcecode.swift; path = ChangeSymptomNameViewController.swift; sourceTree = "<group>"; };
		4F1CAC61283D1B530081FA45 /* ChangeSymptomNameView.swift */ = {isa = PBXFileReference; lastKnownFileType = sourcecode.swift; path = ChangeSymptomNameView.swift; sourceTree = "<group>"; };
		4F3693E62843B4B50077F3A8 /* RegistrationService.swift */ = {isa = PBXFileReference; lastKnownFileType = sourcecode.swift; path = RegistrationService.swift; sourceTree = "<group>"; };
		4F388E5B2837BEB5009F684C /* SharedStyleSheet.swift */ = {isa = PBXFileReference; lastKnownFileType = sourcecode.swift; path = SharedStyleSheet.swift; sourceTree = "<group>"; };
		4F388E602837F71B009F684C /* ValidationService.swift */ = {isa = PBXFileReference; lastKnownFileType = sourcecode.swift; path = ValidationService.swift; sourceTree = "<group>"; };
		4F388E6228380BE2009F684C /* LocalizedStrings.swift */ = {isa = PBXFileReference; lastKnownFileType = sourcecode.swift; path = LocalizedStrings.swift; sourceTree = "<group>"; };
		4F388E65283959DF009F684C /* SymptomListViewController.swift */ = {isa = PBXFileReference; lastKnownFileType = sourcecode.swift; path = SymptomListViewController.swift; sourceTree = "<group>"; };
		4F388E6728395B3C009F684C /* SymptomListViewModel.swift */ = {isa = PBXFileReference; lastKnownFileType = sourcecode.swift; path = SymptomListViewModel.swift; sourceTree = "<group>"; };
		4F388E6928395C4E009F684C /* SymptomListView.swift */ = {isa = PBXFileReference; lastKnownFileType = sourcecode.swift; path = SymptomListView.swift; sourceTree = "<group>"; };
		4F388E6B28397430009F684C /* SymptomListCell.swift */ = {isa = PBXFileReference; lastKnownFileType = sourcecode.swift; path = SymptomListCell.swift; sourceTree = "<group>"; };
		4F388E6D283ABD5F009F684C /* AccountModelManager.swift */ = {isa = PBXFileReference; lastKnownFileType = sourcecode.swift; path = AccountModelManager.swift; sourceTree = "<group>"; };
		4F8757B328228138003033B0 /* SymptomTrackerIOS.app */ = {isa = PBXFileReference; explicitFileType = wrapper.application; includeInIndex = 0; path = SymptomTrackerIOS.app; sourceTree = BUILT_PRODUCTS_DIR; };
		4F8757B628228138003033B0 /* AppDelegate.swift */ = {isa = PBXFileReference; lastKnownFileType = sourcecode.swift; path = AppDelegate.swift; sourceTree = "<group>"; };
		4F8757B828228138003033B0 /* SceneDelegate.swift */ = {isa = PBXFileReference; lastKnownFileType = sourcecode.swift; path = SceneDelegate.swift; sourceTree = "<group>"; };
		4F8757BF2822813B003033B0 /* Assets.xcassets */ = {isa = PBXFileReference; lastKnownFileType = folder.assetcatalog; path = Assets.xcassets; sourceTree = "<group>"; };
		4F8757C22822813B003033B0 /* Base */ = {isa = PBXFileReference; lastKnownFileType = file.storyboard; name = Base; path = Base.lproj/LaunchScreen.storyboard; sourceTree = "<group>"; };
		4F8757C42822813B003033B0 /* Info.plist */ = {isa = PBXFileReference; lastKnownFileType = text.plist.xml; path = Info.plist; sourceTree = "<group>"; };
		4F8757D62822A068003033B0 /* GoogleService-Info.plist */ = {isa = PBXFileReference; fileEncoding = 4; lastKnownFileType = text.plist.xml; path = "GoogleService-Info.plist"; sourceTree = "<group>"; };
		4FAFCED328241381002CEFBE /* FirebaseActivity.swift */ = {isa = PBXFileReference; lastKnownFileType = sourcecode.swift; path = FirebaseActivity.swift; sourceTree = "<group>"; };
		4FAFCED528242151002CEFBE /* FirebaseSymptom.swift */ = {isa = PBXFileReference; lastKnownFileType = sourcecode.swift; path = FirebaseSymptom.swift; sourceTree = "<group>"; };
		4FAFCED72824220A002CEFBE /* FirebaseSymptomRegistration.swift */ = {isa = PBXFileReference; lastKnownFileType = sourcecode.swift; path = FirebaseSymptomRegistration.swift; sourceTree = "<group>"; };
		4FAFCED9282422A6002CEFBE /* FirebaseIntensityRegistration.swift */ = {isa = PBXFileReference; lastKnownFileType = sourcecode.swift; path = FirebaseIntensityRegistration.swift; sourceTree = "<group>"; };
		4FAFCEDC282423CC002CEFBE /* Activity.swift */ = {isa = PBXFileReference; lastKnownFileType = sourcecode.swift; path = Activity.swift; sourceTree = "<group>"; };
		4FAFCEDE28242408002CEFBE /* Symptom.swift */ = {isa = PBXFileReference; lastKnownFileType = sourcecode.swift; path = Symptom.swift; sourceTree = "<group>"; };
		4FAFCEE028242571002CEFBE /* SymptomRegistration.swift */ = {isa = PBXFileReference; lastKnownFileType = sourcecode.swift; path = SymptomRegistration.swift; sourceTree = "<group>"; };
		4FAFCEE2282425AD002CEFBE /* IntensityRegistration.swift */ = {isa = PBXFileReference; lastKnownFileType = sourcecode.swift; path = IntensityRegistration.swift; sourceTree = "<group>"; };
		4FAFCEE428252AD6002CEFBE /* AccountManager.swift */ = {isa = PBXFileReference; lastKnownFileType = sourcecode.swift; path = AccountManager.swift; sourceTree = "<group>"; };
		4FAFCEE628252BDF002CEFBE /* ModelManagerImplementation.swift */ = {isa = PBXFileReference; lastKnownFileType = sourcecode.swift; path = ModelManagerImplementation.swift; sourceTree = "<group>"; };
		4FAFCEE828252F29002CEFBE /* ViewModelProvider.swift */ = {isa = PBXFileReference; lastKnownFileType = sourcecode.swift; path = ViewModelProvider.swift; sourceTree = "<group>"; };
		4FAFCEEA282534E3002CEFBE /* FlowCoordinator.swift */ = {isa = PBXFileReference; lastKnownFileType = sourcecode.swift; path = FlowCoordinator.swift; sourceTree = "<group>"; };
		4FAFCEED28253ACC002CEFBE /* SymptomRepository.swift */ = {isa = PBXFileReference; lastKnownFileType = sourcecode.swift; path = SymptomRepository.swift; sourceTree = "<group>"; };
		4FAFCEEF28253AED002CEFBE /* ActivityRepository.swift */ = {isa = PBXFileReference; lastKnownFileType = sourcecode.swift; path = ActivityRepository.swift; sourceTree = "<group>"; };
		4FAFCEF128253B41002CEFBE /* SymptomRegistrationRepository.swift */ = {isa = PBXFileReference; lastKnownFileType = sourcecode.swift; path = SymptomRegistrationRepository.swift; sourceTree = "<group>"; };
		4FAFCEF328253B6E002CEFBE /* IntensityRegistrationRepository.swift */ = {isa = PBXFileReference; lastKnownFileType = sourcecode.swift; path = IntensityRegistrationRepository.swift; sourceTree = "<group>"; };
		4FAFCEF62827F68B002CEFBE /* CreateAccountViewController.swift */ = {isa = PBXFileReference; lastKnownFileType = sourcecode.swift; path = CreateAccountViewController.swift; sourceTree = "<group>"; };
		4FAFCEF82827FF33002CEFBE /* CreateAccountView.swift */ = {isa = PBXFileReference; lastKnownFileType = sourcecode.swift; path = CreateAccountView.swift; sourceTree = "<group>"; };
		4FAFCEFD282D3594002CEFBE /* CreateAccountViewModel.swift */ = {isa = PBXFileReference; lastKnownFileType = sourcecode.swift; path = CreateAccountViewModel.swift; sourceTree = "<group>"; };
		4FAFCF01282D4B4E002CEFBE /* ModelManager.swift */ = {isa = PBXFileReference; lastKnownFileType = sourcecode.swift; path = ModelManager.swift; sourceTree = "<group>"; };
		4FAFCF04283153D2002CEFBE /* LoginViewController.swift */ = {isa = PBXFileReference; lastKnownFileType = sourcecode.swift; path = LoginViewController.swift; sourceTree = "<group>"; };
		4FAFCF06283153E2002CEFBE /* LoginView.swift */ = {isa = PBXFileReference; lastKnownFileType = sourcecode.swift; path = LoginView.swift; sourceTree = "<group>"; };
		4FAFCF08283153F4002CEFBE /* LoginViewModel.swift */ = {isa = PBXFileReference; lastKnownFileType = sourcecode.swift; path = LoginViewModel.swift; sourceTree = "<group>"; };
		4FAFCF0B28317D56002CEFBE /* SymptomRegistrationViewController.swift */ = {isa = PBXFileReference; lastKnownFileType = sourcecode.swift; path = SymptomRegistrationViewController.swift; sourceTree = "<group>"; };
		4FAFCF152831808E002CEFBE /* SymptomRegistrationViewModel.swift */ = {isa = PBXFileReference; lastKnownFileType = sourcecode.swift; path = SymptomRegistrationViewModel.swift; sourceTree = "<group>"; };
		4FB0C9EF283FBAF000DB553C /* SymptomRegistrationCell.swift */ = {isa = PBXFileReference; lastKnownFileType = sourcecode.swift; path = SymptomRegistrationCell.swift; sourceTree = "<group>"; };
		4FB0C9F12840D5EB00DB553C /* SymptomRegistrationNavbarView.swift */ = {isa = PBXFileReference; lastKnownFileType = sourcecode.swift; path = SymptomRegistrationNavbarView.swift; sourceTree = "<group>"; };
		4FDB44C628319DD8005D35A1 /* SymptomRegistrationView.swift */ = {isa = PBXFileReference; lastKnownFileType = sourcecode.swift; path = SymptomRegistrationView.swift; sourceTree = "<group>"; };
		4FDB44C82831A14C005D35A1 /* ActivityViewController.swift */ = {isa = PBXFileReference; lastKnownFileType = sourcecode.swift; path = ActivityViewController.swift; sourceTree = "<group>"; };
		4FDB44CA2831A15F005D35A1 /* ActivityViewModel.swift */ = {isa = PBXFileReference; lastKnownFileType = sourcecode.swift; path = ActivityViewModel.swift; sourceTree = "<group>"; };
		4FDB44CC2831A172005D35A1 /* ActivityView.swift */ = {isa = PBXFileReference; lastKnownFileType = sourcecode.swift; path = ActivityView.swift; sourceTree = "<group>"; };
		4FDB44CE2831A3DB005D35A1 /* InsightViewController.swift */ = {isa = PBXFileReference; lastKnownFileType = sourcecode.swift; path = InsightViewController.swift; sourceTree = "<group>"; };
		4FDB44D02831A411005D35A1 /* InsightViewModel.swift */ = {isa = PBXFileReference; lastKnownFileType = sourcecode.swift; path = InsightViewModel.swift; sourceTree = "<group>"; };
		4FDB44D22831A46A005D35A1 /* InsightView.swift */ = {isa = PBXFileReference; lastKnownFileType = sourcecode.swift; path = InsightView.swift; sourceTree = "<group>"; };
		4FDB44D52831A72C005D35A1 /* AccountViewController.swift */ = {isa = PBXFileReference; lastKnownFileType = sourcecode.swift; path = AccountViewController.swift; sourceTree = "<group>"; };
		4FDB44D72831A7B0005D35A1 /* AccountViewModel.swift */ = {isa = PBXFileReference; lastKnownFileType = sourcecode.swift; path = AccountViewModel.swift; sourceTree = "<group>"; };
		4FDB44D92831A88A005D35A1 /* AccountView.swift */ = {isa = PBXFileReference; lastKnownFileType = sourcecode.swift; path = AccountView.swift; sourceTree = "<group>"; };
/* End PBXFileReference section */

/* Begin PBXFrameworksBuildPhase section */
		4F8757B028228137003033B0 /* Frameworks */ = {
			isa = PBXFrameworksBuildPhase;
			buildActionMask = 2147483647;
			files = (
				4F8757CC282293D9003033B0 /* FirebaseAuth in Frameworks */,
				4F388E5F2837EA40009F684C /* IQKeyboardManagerSwift in Frameworks */,
				4F8757D528229EF7003033B0 /* FirebaseFirestoreSwift-Beta in Frameworks */,
				4F8757D0282293D9003033B0 /* FirebaseFirestore in Frameworks */,
			);
			runOnlyForDeploymentPostprocessing = 0;
		};
/* End PBXFrameworksBuildPhase section */

/* Begin PBXGroup section */
		4F1CAC5C283D1AD30081FA45 /* ChangeSymptomName */ = {
			isa = PBXGroup;
			children = (
				4F1CAC5D283D1AF80081FA45 /* ChangeSymptomNameViewModel.swift */,
				4F1CAC5F283D1B230081FA45 /* ChangeSymptomNameViewController.swift */,
				4F1CAC61283D1B530081FA45 /* ChangeSymptomNameView.swift */,
			);
			path = ChangeSymptomName;
			sourceTree = "<group>";
		};
		4F388E5A2837BCB7009F684C /* SharedStyleElements */ = {
			isa = PBXGroup;
			children = (
				4F388E5B2837BEB5009F684C /* SharedStyleSheet.swift */,
				4F388E6228380BE2009F684C /* LocalizedStrings.swift */,
			);
			path = SharedStyleElements;
			sourceTree = "<group>";
		};
		4F388E642839599C009F684C /* SymptomList */ = {
			isa = PBXGroup;
			children = (
				4F1CAC5C283D1AD30081FA45 /* ChangeSymptomName */,
				4F388E65283959DF009F684C /* SymptomListViewController.swift */,
				4F388E6728395B3C009F684C /* SymptomListViewModel.swift */,
				4F388E6928395C4E009F684C /* SymptomListView.swift */,
				4F388E6B28397430009F684C /* SymptomListCell.swift */,
			);
			path = SymptomList;
			sourceTree = "<group>";
		};
		4F8757AA28228137003033B0 = {
			isa = PBXGroup;
			children = (
				4F8757B528228138003033B0 /* SymptomTrackerIOS */,
				4F8757B428228138003033B0 /* Products */,
				4F8757D328229EF7003033B0 /* Frameworks */,
			);
			sourceTree = "<group>";
		};
		4F8757B428228138003033B0 /* Products */ = {
			isa = PBXGroup;
			children = (
				4F8757B328228138003033B0 /* SymptomTrackerIOS.app */,
			);
			name = Products;
			sourceTree = "<group>";
		};
		4F8757B528228138003033B0 /* SymptomTrackerIOS */ = {
			isa = PBXGroup;
			children = (
				4F8757BF2822813B003033B0 /* Assets.xcassets */,
				4F388E5A2837BCB7009F684C /* SharedStyleElements */,
				4FAFCED228241308002CEFBE /* Model */,
				4FAFCEDB28242344002CEFBE /* Repositories */,
				4FAFCF0A28317D29002CEFBE /* SymptomRegistretion */,
				4FAFCF0D28317DBB002CEFBE /* ActivityRegistration */,
				4FAFCF1028317E36002CEFBE /* Insight */,
				4FDB44D42831A709005D35A1 /* AccountSettings */,
				4FAFCEFC282D353C002CEFBE /* CreateAccount */,
				4FAFCF032831539D002CEFBE /* Login */,
				4FAFCEF52826CC93002CEFBE /* Services */,
				4F8757B628228138003033B0 /* AppDelegate.swift */,
				4F8757B828228138003033B0 /* SceneDelegate.swift */,
				4FAFCEEA282534E3002CEFBE /* FlowCoordinator.swift */,
				4FAFCEE828252F29002CEFBE /* ViewModelProvider.swift */,
				4FAFCEE628252BDF002CEFBE /* ModelManagerImplementation.swift */,
				4FAFCF01282D4B4E002CEFBE /* ModelManager.swift */,
				4F388E6D283ABD5F009F684C /* AccountModelManager.swift */,
				4FAFCEE428252AD6002CEFBE /* AccountManager.swift */,
				4F8757C12822813B003033B0 /* LaunchScreen.storyboard */,
				4F8757D62822A068003033B0 /* GoogleService-Info.plist */,
				4F8757C42822813B003033B0 /* Info.plist */,
			);
			path = SymptomTrackerIOS;
			sourceTree = "<group>";
		};
		4F8757D328229EF7003033B0 /* Frameworks */ = {
			isa = PBXGroup;
			children = (
			);
			name = Frameworks;
			sourceTree = "<group>";
		};
		4FAFCED228241308002CEFBE /* Model */ = {
			isa = PBXGroup;
			children = (
				4FAFCED328241381002CEFBE /* FirebaseActivity.swift */,
				4FAFCED528242151002CEFBE /* FirebaseSymptom.swift */,
				4FAFCED72824220A002CEFBE /* FirebaseSymptomRegistration.swift */,
				4FAFCED9282422A6002CEFBE /* FirebaseIntensityRegistration.swift */,
				4FAFCEDC282423CC002CEFBE /* Activity.swift */,
				4FAFCEDE28242408002CEFBE /* Symptom.swift */,
				4FAFCEE028242571002CEFBE /* SymptomRegistration.swift */,
				4FAFCEE2282425AD002CEFBE /* IntensityRegistration.swift */,
			);
			path = Model;
			sourceTree = "<group>";
		};
		4FAFCEDB28242344002CEFBE /* Repositories */ = {
			isa = PBXGroup;
			children = (
				4FAFCEED28253ACC002CEFBE /* SymptomRepository.swift */,
				4FAFCEEF28253AED002CEFBE /* ActivityRepository.swift */,
				4FAFCEF128253B41002CEFBE /* SymptomRegistrationRepository.swift */,
				4FAFCEF328253B6E002CEFBE /* IntensityRegistrationRepository.swift */,
			);
			path = Repositories;
			sourceTree = "<group>";
		};
		4FAFCEF52826CC93002CEFBE /* Services */ = {
			isa = PBXGroup;
			children = (
				4F388E602837F71B009F684C /* ValidationService.swift */,
				4F3693E62843B4B50077F3A8 /* RegistrationService.swift */,
			);
			path = Services;
			sourceTree = "<group>";
		};
		4FAFCEFC282D353C002CEFBE /* CreateAccount */ = {
			isa = PBXGroup;
			children = (
				4FAFCEF62827F68B002CEFBE /* CreateAccountViewController.swift */,
				4FAFCEFD282D3594002CEFBE /* CreateAccountViewModel.swift */,
				4FAFCEF82827FF33002CEFBE /* CreateAccountView.swift */,
			);
			path = CreateAccount;
			sourceTree = "<group>";
		};
		4FAFCF032831539D002CEFBE /* Login */ = {
			isa = PBXGroup;
			children = (
				4FAFCF04283153D2002CEFBE /* LoginViewController.swift */,
				4FAFCF08283153F4002CEFBE /* LoginViewModel.swift */,
				4FAFCF06283153E2002CEFBE /* LoginView.swift */,
			);
			path = Login;
			sourceTree = "<group>";
		};
		4FAFCF0A28317D29002CEFBE /* SymptomRegistretion */ = {
			isa = PBXGroup;
			children = (
				4FAFCF0B28317D56002CEFBE /* SymptomRegistrationViewController.swift */,
				4FAFCF152831808E002CEFBE /* SymptomRegistrationViewModel.swift */,
				4FDB44C628319DD8005D35A1 /* SymptomRegistrationView.swift */,
				4FB0C9EF283FBAF000DB553C /* SymptomRegistrationCell.swift */,
				4FB0C9F12840D5EB00DB553C /* SymptomRegistrationNavbarView.swift */,
			);
			path = SymptomRegistretion;
			sourceTree = "<group>";
		};
		4FAFCF0D28317DBB002CEFBE /* ActivityRegistration */ = {
			isa = PBXGroup;
			children = (
				4FDB44C82831A14C005D35A1 /* ActivityViewController.swift */,
				4FDB44CA2831A15F005D35A1 /* ActivityViewModel.swift */,
				4FDB44CC2831A172005D35A1 /* ActivityView.swift */,
			);
			path = ActivityRegistration;
			sourceTree = "<group>";
		};
		4FAFCF1028317E36002CEFBE /* Insight */ = {
			isa = PBXGroup;
			children = (
				4FDB44CE2831A3DB005D35A1 /* InsightViewController.swift */,
				4FDB44D02831A411005D35A1 /* InsightViewModel.swift */,
				4FDB44D22831A46A005D35A1 /* InsightView.swift */,
			);
			path = Insight;
			sourceTree = "<group>";
		};
		4FDB44D42831A709005D35A1 /* AccountSettings */ = {
			isa = PBXGroup;
			children = (
				4F388E642839599C009F684C /* SymptomList */,
				4FDB44D52831A72C005D35A1 /* AccountViewController.swift */,
				4FDB44D72831A7B0005D35A1 /* AccountViewModel.swift */,
				4FDB44D92831A88A005D35A1 /* AccountView.swift */,
			);
			path = AccountSettings;
			sourceTree = "<group>";
		};
/* End PBXGroup section */

/* Begin PBXNativeTarget section */
		4F8757B228228137003033B0 /* SymptomTrackerIOS */ = {
			isa = PBXNativeTarget;
			buildConfigurationList = 4F8757C72822813B003033B0 /* Build configuration list for PBXNativeTarget "SymptomTrackerIOS" */;
			buildPhases = (
				4F8757AF28228137003033B0 /* Sources */,
				4F8757B028228137003033B0 /* Frameworks */,
				4F8757B128228137003033B0 /* Resources */,
			);
			buildRules = (
			);
			dependencies = (
			);
			name = SymptomTrackerIOS;
			packageProductDependencies = (
				4F8757CB282293D9003033B0 /* FirebaseAuth */,
				4F8757CF282293D9003033B0 /* FirebaseFirestore */,
				4F8757D428229EF7003033B0 /* FirebaseFirestoreSwift-Beta */,
				4F388E5E2837EA40009F684C /* IQKeyboardManagerSwift */,
			);
			productName = SymptomTrackerIOS;
			productReference = 4F8757B328228138003033B0 /* SymptomTrackerIOS.app */;
			productType = "com.apple.product-type.application";
		};
/* End PBXNativeTarget section */

/* Begin PBXProject section */
		4F8757AB28228137003033B0 /* Project object */ = {
			isa = PBXProject;
			attributes = {
				BuildIndependentTargetsInParallel = 1;
				LastSwiftUpdateCheck = 1310;
				LastUpgradeCheck = 1310;
				TargetAttributes = {
					4F8757B228228137003033B0 = {
						CreatedOnToolsVersion = 13.1;
					};
				};
			};
			buildConfigurationList = 4F8757AE28228137003033B0 /* Build configuration list for PBXProject "SymptomTrackerIOS" */;
			compatibilityVersion = "Xcode 13.0";
			developmentRegion = en;
			hasScannedForEncodings = 0;
			knownRegions = (
				en,
				Base,
				da,
			);
			mainGroup = 4F8757AA28228137003033B0;
			packageReferences = (
				4F8757CA282293D9003033B0 /* XCRemoteSwiftPackageReference "firebase-ios-sdk" */,
				4F388E5D2837EA40009F684C /* XCRemoteSwiftPackageReference "IQKeyboardManager" */,
			);
			productRefGroup = 4F8757B428228138003033B0 /* Products */;
			projectDirPath = "";
			projectRoot = "";
			targets = (
				4F8757B228228137003033B0 /* SymptomTrackerIOS */,
			);
		};
/* End PBXProject section */

/* Begin PBXResourcesBuildPhase section */
		4F8757B128228137003033B0 /* Resources */ = {
			isa = PBXResourcesBuildPhase;
			buildActionMask = 2147483647;
			files = (
				4F8757C32822813B003033B0 /* LaunchScreen.storyboard in Resources */,
				4F8757C02822813B003033B0 /* Assets.xcassets in Resources */,
				4F8757D72822A068003033B0 /* GoogleService-Info.plist in Resources */,
			);
			runOnlyForDeploymentPostprocessing = 0;
		};
/* End PBXResourcesBuildPhase section */

/* Begin PBXSourcesBuildPhase section */
		4F8757AF28228137003033B0 /* Sources */ = {
			isa = PBXSourcesBuildPhase;
			buildActionMask = 2147483647;
			files = (
				4FAFCEF428253B6E002CEFBE /* IntensityRegistrationRepository.swift in Sources */,
				4F3693E72843B4B50077F3A8 /* RegistrationService.swift in Sources */,
				4FAFCEF92827FF33002CEFBE /* CreateAccountView.swift in Sources */,
				4FAFCED428241381002CEFBE /* FirebaseActivity.swift in Sources */,
				4FAFCF05283153D2002CEFBE /* LoginViewController.swift in Sources */,
				4FDB44C92831A14C005D35A1 /* ActivityViewController.swift in Sources */,
				4FDB44CB2831A160005D35A1 /* ActivityViewModel.swift in Sources */,
				4FAFCEE528252AD6002CEFBE /* AccountManager.swift in Sources */,
				4FAFCEDF28242408002CEFBE /* Symptom.swift in Sources */,
				4FDB44D12831A411005D35A1 /* InsightViewModel.swift in Sources */,
				4FB0C9F0283FBAF100DB553C /* SymptomRegistrationCell.swift in Sources */,
				4FDB44D32831A46A005D35A1 /* InsightView.swift in Sources */,
				4FAFCF07283153E2002CEFBE /* LoginView.swift in Sources */,
				4FDB44D82831A7B0005D35A1 /* AccountViewModel.swift in Sources */,
				4F8757B728228138003033B0 /* AppDelegate.swift in Sources */,
				4FDB44D62831A72C005D35A1 /* AccountViewController.swift in Sources */,
				4F388E66283959DF009F684C /* SymptomListViewController.swift in Sources */,
				4FAFCEF72827F68B002CEFBE /* CreateAccountViewController.swift in Sources */,
				4FDB44CF2831A3DB005D35A1 /* InsightViewController.swift in Sources */,
				4FB0C9F22840D5EB00DB553C /* SymptomRegistrationNavbarView.swift in Sources */,
				4FAFCEDD282423CC002CEFBE /* Activity.swift in Sources */,
				4FAFCF0C28317D57002CEFBE /* SymptomRegistrationViewController.swift in Sources */,
				4FAFCEE728252BDF002CEFBE /* ModelManagerImplementation.swift in Sources */,
				4F388E6E283ABD61009F684C /* AccountModelManager.swift in Sources */,
				4FAFCEE3282425AD002CEFBE /* IntensityRegistration.swift in Sources */,
				4F388E6A28395C4E009F684C /* SymptomListView.swift in Sources */,
				4FAFCF02282D4B4E002CEFBE /* ModelManager.swift in Sources */,
				4FAFCF09283153F4002CEFBE /* LoginViewModel.swift in Sources */,
				4FDB44C728319DD8005D35A1 /* SymptomRegistrationView.swift in Sources */,
				4F388E6C28397430009F684C /* SymptomListCell.swift in Sources */,
				4FAFCEE128242571002CEFBE /* SymptomRegistration.swift in Sources */,
				4FAFCEEB282534E3002CEFBE /* FlowCoordinator.swift in Sources */,
				4FAFCEE928252F29002CEFBE /* ViewModelProvider.swift in Sources */,
				4F1CAC5E283D1AF80081FA45 /* ChangeSymptomNameViewModel.swift in Sources */,
				4FDB44DA2831A88A005D35A1 /* AccountView.swift in Sources */,
				4FAFCED628242151002CEFBE /* FirebaseSymptom.swift in Sources */,
				4F1CAC62283D1B530081FA45 /* ChangeSymptomNameView.swift in Sources */,
				4FAFCEDA282422A6002CEFBE /* FirebaseIntensityRegistration.swift in Sources */,
				4FAFCF162831808E002CEFBE /* SymptomRegistrationViewModel.swift in Sources */,
				4F388E5C2837BEB6009F684C /* SharedStyleSheet.swift in Sources */,
				4FAFCEF228253B41002CEFBE /* SymptomRegistrationRepository.swift in Sources */,
				4F8757B928228138003033B0 /* SceneDelegate.swift in Sources */,
				4F388E6828395B3C009F684C /* SymptomListViewModel.swift in Sources */,
				4FDB44CD2831A172005D35A1 /* ActivityView.swift in Sources */,
				4F1CAC60283D1B230081FA45 /* ChangeSymptomNameViewController.swift in Sources */,
				4F388E6328380BE2009F684C /* LocalizedStrings.swift in Sources */,
				4FAFCEFE282D3595002CEFBE /* CreateAccountViewModel.swift in Sources */,
				4F388E612837F71B009F684C /* ValidationService.swift in Sources */,
				4FAFCED82824220A002CEFBE /* FirebaseSymptomRegistration.swift in Sources */,
				4FAFCEF028253AED002CEFBE /* ActivityRepository.swift in Sources */,
				4FAFCEEE28253ACC002CEFBE /* SymptomRepository.swift in Sources */,
			);
			runOnlyForDeploymentPostprocessing = 0;
		};
/* End PBXSourcesBuildPhase section */

/* Begin PBXVariantGroup section */
		4F8757C12822813B003033B0 /* LaunchScreen.storyboard */ = {
			isa = PBXVariantGroup;
			children = (
				4F8757C22822813B003033B0 /* Base */,
				4F1CAC5B283C68430081FA45 /* da */,
			);
			name = LaunchScreen.storyboard;
			sourceTree = "<group>";
		};
/* End PBXVariantGroup section */

/* Begin XCBuildConfiguration section */
		4F8757C52822813B003033B0 /* Debug */ = {
			isa = XCBuildConfiguration;
			buildSettings = {
				ALWAYS_SEARCH_USER_PATHS = NO;
				CLANG_ANALYZER_LOCALIZABILITY_NONLOCALIZED = YES;
				CLANG_ANALYZER_NONNULL = YES;
				CLANG_ANALYZER_NUMBER_OBJECT_CONVERSION = YES_AGGRESSIVE;
				CLANG_CXX_LANGUAGE_STANDARD = "gnu++17";
				CLANG_CXX_LIBRARY = "libc++";
				CLANG_ENABLE_MODULES = YES;
				CLANG_ENABLE_OBJC_ARC = YES;
				CLANG_ENABLE_OBJC_WEAK = YES;
				CLANG_WARN_BLOCK_CAPTURE_AUTORELEASING = YES;
				CLANG_WARN_BOOL_CONVERSION = YES;
				CLANG_WARN_COMMA = YES;
				CLANG_WARN_CONSTANT_CONVERSION = YES;
				CLANG_WARN_DEPRECATED_OBJC_IMPLEMENTATIONS = YES;
				CLANG_WARN_DIRECT_OBJC_ISA_USAGE = YES_ERROR;
				CLANG_WARN_DOCUMENTATION_COMMENTS = YES;
				CLANG_WARN_EMPTY_BODY = YES;
				CLANG_WARN_ENUM_CONVERSION = YES;
				CLANG_WARN_INFINITE_RECURSION = YES;
				CLANG_WARN_INT_CONVERSION = YES;
				CLANG_WARN_NON_LITERAL_NULL_CONVERSION = YES;
				CLANG_WARN_OBJC_IMPLICIT_RETAIN_SELF = YES;
				CLANG_WARN_OBJC_LITERAL_CONVERSION = YES;
				CLANG_WARN_OBJC_ROOT_CLASS = YES_ERROR;
				CLANG_WARN_QUOTED_INCLUDE_IN_FRAMEWORK_HEADER = YES;
				CLANG_WARN_RANGE_LOOP_ANALYSIS = YES;
				CLANG_WARN_STRICT_PROTOTYPES = YES;
				CLANG_WARN_SUSPICIOUS_MOVE = YES;
				CLANG_WARN_UNGUARDED_AVAILABILITY = YES_AGGRESSIVE;
				CLANG_WARN_UNREACHABLE_CODE = YES;
				CLANG_WARN__DUPLICATE_METHOD_MATCH = YES;
				COPY_PHASE_STRIP = NO;
				DEBUG_INFORMATION_FORMAT = dwarf;
				ENABLE_STRICT_OBJC_MSGSEND = YES;
				ENABLE_TESTABILITY = YES;
				GCC_C_LANGUAGE_STANDARD = gnu11;
				GCC_DYNAMIC_NO_PIC = NO;
				GCC_NO_COMMON_BLOCKS = YES;
				GCC_OPTIMIZATION_LEVEL = 0;
				GCC_PREPROCESSOR_DEFINITIONS = (
					"DEBUG=1",
					"$(inherited)",
				);
				GCC_WARN_64_TO_32_BIT_CONVERSION = YES;
				GCC_WARN_ABOUT_RETURN_TYPE = YES_ERROR;
				GCC_WARN_UNDECLARED_SELECTOR = YES;
				GCC_WARN_UNINITIALIZED_AUTOS = YES_AGGRESSIVE;
				GCC_WARN_UNUSED_FUNCTION = YES;
				GCC_WARN_UNUSED_VARIABLE = YES;
				IPHONEOS_DEPLOYMENT_TARGET = 14.0;
				MTL_ENABLE_DEBUG_INFO = INCLUDE_SOURCE;
				MTL_FAST_MATH = YES;
				ONLY_ACTIVE_ARCH = YES;
				SDKROOT = iphoneos;
				SWIFT_ACTIVE_COMPILATION_CONDITIONS = DEBUG;
				SWIFT_OPTIMIZATION_LEVEL = "-Onone";
			};
			name = Debug;
		};
		4F8757C62822813B003033B0 /* Release */ = {
			isa = XCBuildConfiguration;
			buildSettings = {
				ALWAYS_SEARCH_USER_PATHS = NO;
				CLANG_ANALYZER_LOCALIZABILITY_NONLOCALIZED = YES;
				CLANG_ANALYZER_NONNULL = YES;
				CLANG_ANALYZER_NUMBER_OBJECT_CONVERSION = YES_AGGRESSIVE;
				CLANG_CXX_LANGUAGE_STANDARD = "gnu++17";
				CLANG_CXX_LIBRARY = "libc++";
				CLANG_ENABLE_MODULES = YES;
				CLANG_ENABLE_OBJC_ARC = YES;
				CLANG_ENABLE_OBJC_WEAK = YES;
				CLANG_WARN_BLOCK_CAPTURE_AUTORELEASING = YES;
				CLANG_WARN_BOOL_CONVERSION = YES;
				CLANG_WARN_COMMA = YES;
				CLANG_WARN_CONSTANT_CONVERSION = YES;
				CLANG_WARN_DEPRECATED_OBJC_IMPLEMENTATIONS = YES;
				CLANG_WARN_DIRECT_OBJC_ISA_USAGE = YES_ERROR;
				CLANG_WARN_DOCUMENTATION_COMMENTS = YES;
				CLANG_WARN_EMPTY_BODY = YES;
				CLANG_WARN_ENUM_CONVERSION = YES;
				CLANG_WARN_INFINITE_RECURSION = YES;
				CLANG_WARN_INT_CONVERSION = YES;
				CLANG_WARN_NON_LITERAL_NULL_CONVERSION = YES;
				CLANG_WARN_OBJC_IMPLICIT_RETAIN_SELF = YES;
				CLANG_WARN_OBJC_LITERAL_CONVERSION = YES;
				CLANG_WARN_OBJC_ROOT_CLASS = YES_ERROR;
				CLANG_WARN_QUOTED_INCLUDE_IN_FRAMEWORK_HEADER = YES;
				CLANG_WARN_RANGE_LOOP_ANALYSIS = YES;
				CLANG_WARN_STRICT_PROTOTYPES = YES;
				CLANG_WARN_SUSPICIOUS_MOVE = YES;
				CLANG_WARN_UNGUARDED_AVAILABILITY = YES_AGGRESSIVE;
				CLANG_WARN_UNREACHABLE_CODE = YES;
				CLANG_WARN__DUPLICATE_METHOD_MATCH = YES;
				COPY_PHASE_STRIP = NO;
				DEBUG_INFORMATION_FORMAT = "dwarf-with-dsym";
				ENABLE_NS_ASSERTIONS = NO;
				ENABLE_STRICT_OBJC_MSGSEND = YES;
				GCC_C_LANGUAGE_STANDARD = gnu11;
				GCC_NO_COMMON_BLOCKS = YES;
				GCC_WARN_64_TO_32_BIT_CONVERSION = YES;
				GCC_WARN_ABOUT_RETURN_TYPE = YES_ERROR;
				GCC_WARN_UNDECLARED_SELECTOR = YES;
				GCC_WARN_UNINITIALIZED_AUTOS = YES_AGGRESSIVE;
				GCC_WARN_UNUSED_FUNCTION = YES;
				GCC_WARN_UNUSED_VARIABLE = YES;
				IPHONEOS_DEPLOYMENT_TARGET = 14.0;
				MTL_ENABLE_DEBUG_INFO = NO;
				MTL_FAST_MATH = YES;
				SDKROOT = iphoneos;
				SWIFT_COMPILATION_MODE = wholemodule;
				SWIFT_OPTIMIZATION_LEVEL = "-O";
				VALIDATE_PRODUCT = YES;
			};
			name = Release;
		};
		4F8757C82822813B003033B0 /* Debug */ = {
			isa = XCBuildConfiguration;
			buildSettings = {
				ASSETCATALOG_COMPILER_APPICON_NAME = AppIcon;
				ASSETCATALOG_COMPILER_GLOBAL_ACCENT_COLOR_NAME = AccentColor;
				CODE_SIGN_STYLE = Automatic;
				CURRENT_PROJECT_VERSION = 1;
				DEVELOPMENT_TEAM = 96WJ69VFZF;
				GENERATE_INFOPLIST_FILE = YES;
				INFOPLIST_FILE = SymptomTrackerIOS/Info.plist;
				INFOPLIST_KEY_UIApplicationSupportsIndirectInputEvents = YES;
				INFOPLIST_KEY_UILaunchStoryboardName = LaunchScreen;
				INFOPLIST_KEY_UISupportedInterfaceOrientations = UIInterfaceOrientationPortrait;
				INFOPLIST_KEY_UISupportedInterfaceOrientations_iPad = "UIInterfaceOrientationPortrait UIInterfaceOrientationPortraitUpsideDown UIInterfaceOrientationLandscapeLeft UIInterfaceOrientationLandscapeRight";
				INFOPLIST_KEY_UISupportedInterfaceOrientations_iPhone = "UIInterfaceOrientationPortrait UIInterfaceOrientationLandscapeLeft UIInterfaceOrientationLandscapeRight";
				IPHONEOS_DEPLOYMENT_TARGET = 14.0;
				LD_RUNPATH_SEARCH_PATHS = (
					"$(inherited)",
					"@executable_path/Frameworks",
				);
				MARKETING_VERSION = 1.0;
				PRODUCT_BUNDLE_IDENTIFIER = dk.symptomtracker.SymptomTrackerIOS;
				PRODUCT_NAME = "$(TARGET_NAME)";
				SWIFT_EMIT_LOC_STRINGS = YES;
				SWIFT_VERSION = 5.0;
				TARGETED_DEVICE_FAMILY = "1,2";
			};
			name = Debug;
		};
		4F8757C92822813B003033B0 /* Release */ = {
			isa = XCBuildConfiguration;
			buildSettings = {
				ASSETCATALOG_COMPILER_APPICON_NAME = AppIcon;
				ASSETCATALOG_COMPILER_GLOBAL_ACCENT_COLOR_NAME = AccentColor;
				CODE_SIGN_STYLE = Automatic;
				CURRENT_PROJECT_VERSION = 1;
				DEVELOPMENT_TEAM = 96WJ69VFZF;
				GENERATE_INFOPLIST_FILE = YES;
				INFOPLIST_FILE = SymptomTrackerIOS/Info.plist;
				INFOPLIST_KEY_UIApplicationSupportsIndirectInputEvents = YES;
				INFOPLIST_KEY_UILaunchStoryboardName = LaunchScreen;
				INFOPLIST_KEY_UISupportedInterfaceOrientations = UIInterfaceOrientationPortrait;
				INFOPLIST_KEY_UISupportedInterfaceOrientations_iPad = "UIInterfaceOrientationPortrait UIInterfaceOrientationPortraitUpsideDown UIInterfaceOrientationLandscapeLeft UIInterfaceOrientationLandscapeRight";
				INFOPLIST_KEY_UISupportedInterfaceOrientations_iPhone = "UIInterfaceOrientationPortrait UIInterfaceOrientationLandscapeLeft UIInterfaceOrientationLandscapeRight";
				IPHONEOS_DEPLOYMENT_TARGET = 14.0;
				LD_RUNPATH_SEARCH_PATHS = (
					"$(inherited)",
					"@executable_path/Frameworks",
				);
				MARKETING_VERSION = 1.0;
				PRODUCT_BUNDLE_IDENTIFIER = dk.symptomtracker.SymptomTrackerIOS;
				PRODUCT_NAME = "$(TARGET_NAME)";
				SWIFT_EMIT_LOC_STRINGS = YES;
				SWIFT_VERSION = 5.0;
				TARGETED_DEVICE_FAMILY = "1,2";
			};
			name = Release;
		};
/* End XCBuildConfiguration section */

/* Begin XCConfigurationList section */
		4F8757AE28228137003033B0 /* Build configuration list for PBXProject "SymptomTrackerIOS" */ = {
			isa = XCConfigurationList;
			buildConfigurations = (
				4F8757C52822813B003033B0 /* Debug */,
				4F8757C62822813B003033B0 /* Release */,
			);
			defaultConfigurationIsVisible = 0;
			defaultConfigurationName = Release;
		};
		4F8757C72822813B003033B0 /* Build configuration list for PBXNativeTarget "SymptomTrackerIOS" */ = {
			isa = XCConfigurationList;
			buildConfigurations = (
				4F8757C82822813B003033B0 /* Debug */,
				4F8757C92822813B003033B0 /* Release */,
			);
			defaultConfigurationIsVisible = 0;
			defaultConfigurationName = Release;
		};
/* End XCConfigurationList section */

/* Begin XCRemoteSwiftPackageReference section */
		4F388E5D2837EA40009F684C /* XCRemoteSwiftPackageReference "IQKeyboardManager" */ = {
			isa = XCRemoteSwiftPackageReference;
			repositoryURL = "https://github.com/hackiftekhar/IQKeyboardManager.git";
			requirement = {
				kind = upToNextMajorVersion;
				minimumVersion = 6.5.0;
			};
		};
		4F8757CA282293D9003033B0 /* XCRemoteSwiftPackageReference "firebase-ios-sdk" */ = {
			isa = XCRemoteSwiftPackageReference;
			repositoryURL = "https://github.com/firebase/firebase-ios-sdk.git";
			requirement = {
				kind = upToNextMajorVersion;
				minimumVersion = 8.15.0;
			};
		};
/* End XCRemoteSwiftPackageReference section */

/* Begin XCSwiftPackageProductDependency section */
		4F388E5E2837EA40009F684C /* IQKeyboardManagerSwift */ = {
			isa = XCSwiftPackageProductDependency;
			package = 4F388E5D2837EA40009F684C /* XCRemoteSwiftPackageReference "IQKeyboardManager" */;
			productName = IQKeyboardManagerSwift;
		};
		4F8757CB282293D9003033B0 /* FirebaseAuth */ = {
			isa = XCSwiftPackageProductDependency;
			package = 4F8757CA282293D9003033B0 /* XCRemoteSwiftPackageReference "firebase-ios-sdk" */;
			productName = FirebaseAuth;
		};
		4F8757CF282293D9003033B0 /* FirebaseFirestore */ = {
			isa = XCSwiftPackageProductDependency;
			package = 4F8757CA282293D9003033B0 /* XCRemoteSwiftPackageReference "firebase-ios-sdk" */;
			productName = FirebaseFirestore;
		};
		4F8757D428229EF7003033B0 /* FirebaseFirestoreSwift-Beta */ = {
			isa = XCSwiftPackageProductDependency;
			package = 4F8757CA282293D9003033B0 /* XCRemoteSwiftPackageReference "firebase-ios-sdk" */;
			productName = "FirebaseFirestoreSwift-Beta";
		};
/* End XCSwiftPackageProductDependency section */
	};
	rootObject = 4F8757AB28228137003033B0 /* Project object */;
}
